
Microsoft Visual Studio Solution File, Format Version 12.00
# Visual Studio 2012
Project("{FAE04EC0-301F-11D3-BF4B-00C04F79EFBC}") = "HSClient", "HSClient\HSClient.csproj", "{E2928AAB-3D68-4B67-A752-48434421C331}"
EndProject
Project("{FAE04EC0-301F-11D3-BF4B-00C04F79EFBC}") = "HSServer", "HSServer\HSServer.csproj", "{83DA4C8C-F13C-4FE0-83C3-A94346A1B635}"
EndProject
Global
	GlobalSection(SolutionConfigurationPlatforms) = preSolution
		Debug|Any CPU = Debug|Any CPU
		Debug|Mixed Platforms = Debug|Mixed Platforms
		Debug|x86 = Debug|x86
		Release|Any CPU = Release|Any CPU
		Release|Mixed Platforms = Release|Mixed Platforms
		Release|x86 = Release|x86
	EndGlobalSection
	GlobalSection(ProjectConfigurationPlatforms) = postSolution
		{E2928AAB-3D68-4B67-A752-48434421C331}.Debug|Any CPU.ActiveCfg = Debug|Any CPU
		{E2928AAB-3D68-4B67-A752-48434421C331}.Debug|Any CPU.Build.0 = Debug|Any CPU
		{E2928AAB-3D68-4B67-A752-48434421C331}.Debug|Mixed Platforms.ActiveCfg = Debug|x86
		{E2928AAB-3D68-4B67-A752-48434421C331}.Debug|Mixed Platforms.Build.0 = Debug|x86
		{E2928AAB-3D68-4B67-A752-48434421C331}.Debug|x86.ActiveCfg = Debug|x86
		{E2928AAB-3D68-4B67-A752-48434421C331}.Debug|x86.Build.0 = Debug|x86
		{E2928AAB-3D68-4B67-A752-48434421C331}.Release|Any CPU.ActiveCfg = Release|Any CPU
		{E2928AAB-3D68-4B67-A752-48434421C331}.Release|Any CPU.Build.0 = Release|Any CPU
		{E2928AAB-3D68-4B67-A752-48434421C331}.Release|Mixed Platforms.ActiveCfg = Release|x86
		{E2928AAB-3D68-4B67-A752-48434421C331}.Release|Mixed Platforms.Build.0 = Release|x86
		{E2928AAB-3D68-4B67-A752-48434421C331}.Release|x86.ActiveCfg = Release|x86
		{E2928AAB-3D68-4B67-A752-48434421C331}.Release|x86.Build.0 = Release|x86
		{83DA4C8C-F13C-4FE0-83C3-A94346A1B635}.Debug|Any CPU.ActiveCfg = Debug|Any CPU
		{83DA4C8C-F13C-4FE0-83C3-A94346A1B635}.Debug|Any CPU.Build.0 = Debug|Any CPU
		{83DA4C8C-F13C-4FE0-83C3-A94346A1B635}.Debug|Mixed Platforms.ActiveCfg = Debug|Any CPU
		{83DA4C8C-F13C-4FE0-83C3-A94346A1B635}.Debug|Mixed Platforms.Build.0 = Debug|Any CPU
		{83DA4C8C-F13C-4FE0-83C3-A94346A1B635}.Debug|x86.ActiveCfg = Debug|Any CPU
		{83DA4C8C-F13C-4FE0-83C3-A94346A1B635}.Release|Any CPU.ActiveCfg = Release|Any CPU
		{83DA4C8C-F13C-4FE0-83C3-A94346A1B635}.Release|Any CPU.Build.0 = Release|Any CPU
		{83DA4C8C-F13C-4FE0-83C3-A94346A1B635}.Release|Mixed Platforms.ActiveCfg = Release|Any CPU
		{83DA4C8C-F13C-4FE0-83C3-A94346A1B635}.Release|Mixed Platforms.Build.0 = Release|Any CPU
		{83DA4C8C-F13C-4FE0-83C3-A94346A1B635}.Release|x86.ActiveCfg = Release|Any CPU
	EndGlobalSection
	GlobalSection(SolutionProperties) = preSolution
		HideSolutionNode = FALSE
	EndGlobalSection
EndGlobal
